<?xml version="1.0" encoding="utf-8"?>
<Project ToolsVersion="4.0" xmlns="http://schemas.microsoft.com/developer/msbuild/2003">
  <ItemGroup>
    <Filter Include="include">
      <UniqueIdentifier>{f563b28a-967a-49f4-99d4-f52f1f5627fa}</UniqueIdentifier>
      <Extensions>h;hh;hpp;hxx;hm;inl;inc;xsd</Extensions>
    </Filter>
    <Filter Include="src">
      <UniqueIdentifier>{c1a1eedf-4609-4be9-ba72-0777cdec9d85}</UniqueIdentifier>
      <Extensions>cpp;c;cc;cxx;def;odl;idl;hpj;bat;asm;asmx</Extensions>
    </Filter>
    <Filter Include="include\spdlog">
      <UniqueIdentifier>{ccfe575e-55c0-4028-849b-66cd3c1b5001}</UniqueIdentifier>
    </Filter>
    <Filter Include="src\spdlog">
      <UniqueIdentifier>{b2408948-56fc-4635-8b44-453ad04820ef}</UniqueIdentifier>
    </Filter>
    <Filter Include="include\spdlog\details">
      <UniqueIdentifier>{b446a4ff-9e86-472e-a73f-8c20cdec9802}</UniqueIdentifier>
    </Filter>
    <Filter Include="include\spdlog\sinks">
      <UniqueIdentifier>{dc8ed839-f4ba-41f8-a945-7d22592f2522}</UniqueIdentifier>
    </Filter>
    <Filter Include="include\spdlog\fmt">
      <UniqueIdentifier>{94a79aa0-826f-4c19-9795-3d3c3fab085f}</UniqueIdentifier>
    </Filter>
  </ItemGroup>
  <ItemGroup>
    <ClInclude Include="include\spdlog\spdlogApi.h">
      <Filter>include\spdlog</Filter>
    </ClInclude>
    <ClInclude Include="include\spdlog\spdlog.h">
      <Filter>include\spdlog</Filter>
    </ClInclude>
    <ClInclude Include="include\spdlog\details\circular_q.h">
      <Filter>include\spdlog\details</Filter>
    </ClInclude>
    <ClInclude Include="include\spdlog\details\console_globals.h">
      <Filter>include\spdlog\details</Filter>
    </ClInclude>
    <ClInclude Include="include\spdlog\details\file_helper.h">
      <Filter>include\spdlog\details</Filter>
    </ClInclude>
    <ClInclude Include="include\spdlog\details\fmt_helper.h">
      <Filter>include\spdlog\details</Filter>
    </ClInclude>
    <ClInclude Include="include\spdlog\details\log_msg.h">
      <Filter>include\spdlog\details</Filter>
    </ClInclude>
    <ClInclude Include="include\spdlog\details\logger_impl.h">
      <Filter>include\spdlog\details</Filter>
    </ClInclude>
    <ClInclude Include="include\spdlog\details\mpmc_blocking_q.h">
      <Filter>include\spdlog\details</Filter>
    </ClInclude>
    <ClInclude Include="include\spdlog\details\null_mutex.h">
      <Filter>include\spdlog\details</Filter>
    </ClInclude>
    <ClInclude Include="include\spdlog\details\os.h">
      <Filter>include\spdlog\details</Filter>
    </ClInclude>
    <ClInclude Include="include\spdlog\details\pattern_formatter.h">
      <Filter>include\spdlog\details</Filter>
    </ClInclude>
    <ClInclude Include="include\spdlog\details\periodic_worker.h">
      <Filter>include\spdlog\details</Filter>
    </ClInclude>
    <ClInclude Include="include\spdlog\details\registry.h">
      <Filter>include\spdlog\details</Filter>
    </ClInclude>
    <ClInclude Include="include\spdlog\details\thread_pool.h">
      <Filter>include\spdlog\details</Filter>
    </ClInclude>
    <ClInclude Include="include\spdlog\details\async_logger_impl.h">
      <Filter>include\spdlog\details</Filter>
    </ClInclude>
    <ClInclude Include="include\spdlog\sinks\basic_file_sink.h">
      <Filter>include\spdlog\sinks</Filter>
    </ClInclude>
    <ClInclude Include="include\spdlog\sinks\daily_file_sink.h">
      <Filter>include\spdlog\sinks</Filter>
    </ClInclude>
    <ClInclude Include="include\spdlog\sinks\dist_sink.h">
      <Filter>include\spdlog\sinks</Filter>
    </ClInclude>
    <ClInclude Include="include\spdlog\sinks\msvc_sink.h">
      <Filter>include\spdlog\sinks</Filter>
    </ClInclude>
    <ClInclude Include="include\spdlog\sinks\null_sink.h">
      <Filter>include\spdlog\sinks</Filter>
    </ClInclude>
    <ClInclude Include="include\spdlog\sinks\ostream_sink.h">
      <Filter>include\spdlog\sinks</Filter>
    </ClInclude>
    <ClInclude Include="include\spdlog\sinks\rotating_file_sink.h">
      <Filter>include\spdlog\sinks</Filter>
    </ClInclude>
    <ClInclude Include="include\spdlog\sinks\sink.h">
      <Filter>include\spdlog\sinks</Filter>
    </ClInclude>
    <ClInclude Include="include\spdlog\sinks\stdout_color_sinks.h">
      <Filter>include\spdlog\sinks</Filter>
    </ClInclude>
    <ClInclude Include="include\spdlog\sinks\stdout_sinks.h">
      <Filter>include\spdlog\sinks</Filter>
    </ClInclude>
    <ClInclude Include="include\spdlog\sinks\syslog_sink.h">
      <Filter>include\spdlog\sinks</Filter>
    </ClInclude>
    <ClInclude Include="include\spdlog\sinks\wincolor_sink.h">
      <Filter>include\spdlog\sinks</Filter>
    </ClInclude>
    <ClInclude Include="include\spdlog\sinks\ansicolor_sink.h">
      <Filter>include\spdlog\sinks</Filter>
    </ClInclude>
    <ClInclude Include="include\spdlog\sinks\base_sink.h">
      <Filter>include\spdlog\sinks</Filter>
    </ClInclude>
    <ClInclude Include="include\spdlog\common.h">
      <Filter>include\spdlog</Filter>
    </ClInclude>
    <ClInclude Include="include\spdlog\formatter.h">
      <Filter>include\spdlog</Filter>
    </ClInclude>
    <ClInclude Include="include\spdlog\logger.h">
      <Filter>include\spdlog</Filter>
    </ClInclude>
    <ClInclude Include="include\spdlog\tweakme.h">
      <Filter>include\spdlog</Filter>
    </ClInclude>
    <ClInclude Include="include\spdlog\version.h">
      <Filter>include\spdlog</Filter>
    </ClInclude>
    <ClInclude Include="include\spdlog\async.h">
      <Filter>include\spdlog</Filter>
    </ClInclude>
    <ClInclude Include="include\spdlog\async_logger.h">
      <Filter>include\spdlog</Filter>
    </ClInclude>
    <ClInclude Include="include\spdlog\fmt\fmt.h">
      <Filter>include\spdlog\fmt</Filter>
    </ClInclude>
    <ClInclude Include="include\spdlog\fmt\ostr.h">
      <Filter>include\spdlog\fmt</Filter>
    </ClInclude>
    <ClInclude Include="include\spdlog\fmt\bin_to_hex.h">
      <Filter>include\spdlog\fmt</Filter>
    </ClInclude>
    <ClInclude Include="include\spdlog\sinks\eventlog_sink.h">
      <Filter>include\spdlog\sinks</Filter>
    </ClInclude>
  </ItemGroup>
  <ItemGroup>
    <None Include=".gitignore" />
    <None Include=".clang-format" />
    <None Include="README.md" />
  </ItemGroup>
  <ItemGroup>
    <Text Include="LICENSE" />
  </ItemGroup>
  <ItemGroup>
    <ClCompile Include="src\spdlog\spdlogApi.cpp">
      <Filter>src\spdlog</Filter>
    </ClCompile>
  </ItemGroup>
</Project>